
Microsoft Visual Studio Solution File, Format Version 12.00
# Visual Studio Version 16
VisualStudioVersion = 16.0.31019.35
MinimumVisualStudioVersion = 10.0.40219.1
Project("{9A19103F-16F7-4668-BE54-9A1E7A4F7556}") = "ToHApi", "ToHApi\ToHApi.csproj", "{041F99E0-F764-40D1-BAC4-5D7F3D6B3837}"
EndProject
Project("{E53339B2-1760-4266-BCC7-CA923CBCF16C}") = "docker-compose", "docker-compose.dcproj", "{107887A3-C860-42DC-8E7B-8FF09CEFC0D2}"
EndProject
Global
	GlobalSection(SolutionConfigurationPlatforms) = preSolution
		Debug|Any CPU = Debug|Any CPU
		Release|Any CPU = Release|Any CPU
	EndGlobalSection
	GlobalSection(ProjectConfigurationPlatforms) = postSolution
		{041F99E0-F764-40D1-BAC4-5D7F3D6B3837}.Debug|Any CPU.ActiveCfg = Debug|Any CPU
		{041F99E0-F764-40D1-BAC4-5D7F3D6B3837}.Debug|Any CPU.Build.0 = Debug|Any CPU
		{041F99E0-F764-40D1-BAC4-5D7F3D6B3837}.Release|Any CPU.ActiveCfg = Release|Any CPU
		{041F99E0-F764-40D1-BAC4-5D7F3D6B3837}.Release|Any CPU.Build.0 = Release|Any CPU
		{107887A3-C860-42DC-8E7B-8FF09CEFC0D2}.Debug|Any CPU.ActiveCfg = Debug|Any CPU
		{107887A3-C860-42DC-8E7B-8FF09CEFC0D2}.Debug|Any CPU.Build.0 = Debug|Any CPU
		{107887A3-C860-42DC-8E7B-8FF09CEFC0D2}.Release|Any CPU.ActiveCfg = Release|Any CPU
		{107887A3-C860-42DC-8E7B-8FF09CEFC0D2}.Release|Any CPU.Build.0 = Release|Any CPU
	EndGlobalSection
	GlobalSection(SolutionProperties) = preSolution
		HideSolutionNode = FALSE
	EndGlobalSection
	GlobalSection(ExtensibilityGlobals) = postSolution
		SolutionGuid = {9890BAD9-15F7-4A20-9296-7487BA477192}
	EndGlobalSection
EndGlobal
